// !$*UTF8*$!
{
	archiveVersion = 1;
	classes = {
	};
	objectVersion = 55;
	objects = {

/* Begin PBXBuildFile section */
		0AECC863278DDD62009FB90F /* TicApp.swift in Sources */ = {isa = PBXBuildFile; fileRef = 0AECC862278DDD62009FB90F /* TicApp.swift */; };
		0AECC865278DDD62009FB90F /* GameView.swift in Sources */ = {isa = PBXBuildFile; fileRef = 0AECC864278DDD62009FB90F /* GameView.swift */; };
		0AECC867278DDD66009FB90F /* Assets.xcassets in Resources */ = {isa = PBXBuildFile; fileRef = 0AECC866278DDD66009FB90F /* Assets.xcassets */; };
		0AECC86A278DDD66009FB90F /* Preview Assets.xcassets in Resources */ = {isa = PBXBuildFile; fileRef = 0AECC869278DDD66009FB90F /* Preview Assets.xcassets */; };
		0AECC874278DDD67009FB90F /* TicTests.swift in Sources */ = {isa = PBXBuildFile; fileRef = 0AECC873278DDD67009FB90F /* TicTests.swift */; };
		0AECC87E278DDD67009FB90F /* TicUITests.swift in Sources */ = {isa = PBXBuildFile; fileRef = 0AECC87D278DDD67009FB90F /* TicUITests.swift */; };
		0AECC880278DDD67009FB90F /* TicUITestsLaunchTests.swift in Sources */ = {isa = PBXBuildFile; fileRef = 0AECC87F278DDD67009FB90F /* TicUITestsLaunchTests.swift */; };
		0AECC88D278DF407009FB90F /* Alerts.swift in Sources */ = {isa = PBXBuildFile; fileRef = 0AECC88C278DF407009FB90F /* Alerts.swift */; };
		0AECC88F278E1640009FB90F /* GameViewModel.swift in Sources */ = {isa = PBXBuildFile; fileRef = 0AECC88E278E1640009FB90F /* GameViewModel.swift */; };
		0AECC893278E1BA9009FB90F /* Model.swift in Sources */ = {isa = PBXBuildFile; fileRef = 0AECC892278E1BA9009FB90F /* Model.swift */; };
/* End PBXBuildFile section */

/* Begin PBXContainerItemProxy section */
		0AECC870278DDD67009FB90F /* PBXContainerItemProxy */ = {
			isa = PBXContainerItemProxy;
			containerPortal = 0AECC857278DDD62009FB90F /* Project object */;
			proxyType = 1;
			remoteGlobalIDString = 0AECC85E278DDD62009FB90F;
			remoteInfo = Tic;
		};
		0AECC87A278DDD67009FB90F /* PBXContainerItemProxy */ = {
			isa = PBXContainerItemProxy;
			containerPortal = 0AECC857278DDD62009FB90F /* Project object */;
			proxyType = 1;
			remoteGlobalIDString = 0AECC85E278DDD62009FB90F;
			remoteInfo = Tic;
		};
/* End PBXContainerItemProxy section */

/* Begin PBXFileReference section */
		0AECC85F278DDD62009FB90F /* Tic.app */ = {isa = PBXFileReference; explicitFileType = wrapper.application; includeInIndex = 0; path = Tic.app; sourceTree = BUILT_PRODUCTS_DIR; };
		0AECC862278DDD62009FB90F /* TicApp.swift */ = {isa = PBXFileReference; lastKnownFileType = sourcecode.swift; path = TicApp.swift; sourceTree = "<group>"; };
		0AECC864278DDD62009FB90F /* GameView.swift */ = {isa = PBXFileReference; lastKnownFileType = sourcecode.swift; path = GameView.swift; sourceTree = "<group>"; };
		0AECC866278DDD66009FB90F /* Assets.xcassets */ = {isa = PBXFileReference; lastKnownFileType = folder.assetcatalog; path = Assets.xcassets; sourceTree = "<group>"; };
		0AECC869278DDD66009FB90F /* Preview Assets.xcassets */ = {isa = PBXFileReference; lastKnownFileType = folder.assetcatalog; path = "Preview Assets.xcassets"; sourceTree = "<group>"; };
		0AECC86F278DDD67009FB90F /* TicTests.xctest */ = {isa = PBXFileReference; explicitFileType = wrapper.cfbundle; includeInIndex = 0; path = TicTests.xctest; sourceTree = BUILT_PRODUCTS_DIR; };
		0AECC873278DDD67009FB90F /* TicTests.swift */ = {isa = PBXFileReference; lastKnownFileType = sourcecode.swift; path = TicTests.swift; sourceTree = "<group>"; };
		0AECC879278DDD67009FB90F /* TicUITests.xctest */ = {isa = PBXFileReference; explicitFileType = wrapper.cfbundle; includeInIndex = 0; path = TicUITests.xctest; sourceTree = BUILT_PRODUCTS_DIR; };
		0AECC87D278DDD67009FB90F /* TicUITests.swift */ = {isa = PBXFileReference; lastKnownFileType = sourcecode.swift; path = TicUITests.swift; sourceTree = "<group>"; };
		0AECC87F278DDD67009FB90F /* TicUITestsLaunchTests.swift */ = {isa = PBXFileReference; lastKnownFileType = sourcecode.swift; path = TicUITestsLaunchTests.swift; sourceTree = "<group>"; };
		0AECC88C278DF407009FB90F /* Alerts.swift */ = {isa = PBXFileReference; lastKnownFileType = sourcecode.swift; path = Alerts.swift; sourceTree = "<group>"; };
		0AECC88E278E1640009FB90F /* GameViewModel.swift */ = {isa = PBXFileReference; lastKnownFileType = sourcecode.swift; path = GameViewModel.swift; sourceTree = "<group>"; };
		0AECC892278E1BA9009FB90F /* Model.swift */ = {isa = PBXFileReference; lastKnownFileType = sourcecode.swift; path = Model.swift; sourceTree = "<group>"; };
/* End PBXFileReference section */

/* Begin PBXFrameworksBuildPhase section */
		0AECC85C278DDD62009FB90F /* Frameworks */ = {
			isa = PBXFrameworksBuildPhase;
			buildActionMask = 2147483647;
			files = (
			);
			runOnlyForDeploymentPostprocessing = 0;
		};
		0AECC86C278DDD67009FB90F /* Frameworks */ = {
			isa = PBXFrameworksBuildPhase;
			buildActionMask = 2147483647;
			files = (
			);
			runOnlyForDeploymentPostprocessing = 0;
		};
		0AECC876278DDD67009FB90F /* Frameworks */ = {
			isa = PBXFrameworksBuildPhase;
			buildActionMask = 2147483647;
			files = (
			);
			runOnlyForDeploymentPostprocessing = 0;
		};
/* End PBXFrameworksBuildPhase section */

/* Begin PBXGroup section */
		0AECC856278DDD62009FB90F = {
			isa = PBXGroup;
			children = (
				0AECC861278DDD62009FB90F /* Tic */,
				0AECC872278DDD67009FB90F /* TicTests */,
				0AECC87C278DDD67009FB90F /* TicUITests */,
				0AECC860278DDD62009FB90F /* Products */,
			);
			sourceTree = "<group>";
		};
		0AECC860278DDD62009FB90F /* Products */ = {
			isa = PBXGroup;
			children = (
				0AECC85F278DDD62009FB90F /* Tic.app */,
				0AECC86F278DDD67009FB90F /* TicTests.xctest */,
				0AECC879278DDD67009FB90F /* TicUITests.xctest */,
			);
			name = Products;
			sourceTree = "<group>";
		};
		0AECC861278DDD62009FB90F /* Tic */ = {
			isa = PBXGroup;
			children = (
				0AECC862278DDD62009FB90F /* TicApp.swift */,
				0AECC892278E1BA9009FB90F /* Model.swift */,
				0AECC864278DDD62009FB90F /* GameView.swift */,
				0AECC88E278E1640009FB90F /* GameViewModel.swift */,
				0AECC88C278DF407009FB90F /* Alerts.swift */,
				0AECC866278DDD66009FB90F /* Assets.xcassets */,
				0AECC868278DDD66009FB90F /* Preview Content */,
			);
			path = Tic;
			sourceTree = "<group>";
		};
		0AECC868278DDD66009FB90F /* Preview Content */ = {
			isa = PBXGroup;
			children = (
				0AECC869278DDD66009FB90F /* Preview Assets.xcassets */,
			);
			path = "Preview Content";
			sourceTree = "<group>";
		};
		0AECC872278DDD67009FB90F /* TicTests */ = {
			isa = PBXGroup;
			children = (
				0AECC873278DDD67009FB90F /* TicTests.swift */,
			);
			path = TicTests;
			sourceTree = "<group>";
		};
		0AECC87C278DDD67009FB90F /* TicUITests */ = {
			isa = PBXGroup;
			children = (
				0AECC87D278DDD67009FB90F /* TicUITests.swift */,
				0AECC87F278DDD67009FB90F /* TicUITestsLaunchTests.swift */,
			);
			path = TicUITests;
			sourceTree = "<group>";
		};
/* End PBXGroup section */

/* Begin PBXNativeTarget section */
		0AECC85E278DDD62009FB90F /* Tic */ = {
			isa = PBXNativeTarget;
			buildConfigurationList = 0AECC883278DDD67009FB90F /* Build configuration list for PBXNativeTarget "Tic" */;
			buildPhases = (
				0AECC85B278DDD62009FB90F /* Sources */,
				0AECC85C278DDD62009FB90F /* Frameworks */,
				0AECC85D278DDD62009FB90F /* Resources */,
			);
			buildRules = (
			);
			dependencies = (
			);
			name = Tic;
			productName = Tic;
			productReference = 0AECC85F278DDD62009FB90F /* Tic.app */;
			productType = "com.apple.product-type.application";
		};
		0AECC86E278DDD67009FB90F /* TicTests */ = {
			isa = PBXNativeTarget;
			buildConfigurationList = 0AECC886278DDD67009FB90F /* Build configuration list for PBXNativeTarget "TicTests" */;
			buildPhases = (
				0AECC86B278DDD67009FB90F /* Sources */,
				0AECC86C278DDD67009FB90F /* Frameworks */,
				0AECC86D278DDD67009FB90F /* Resources */,
			);
			buildRules = (
			);
			dependencies = (
				0AECC871278DDD67009FB90F /* PBXTargetDependency */,
			);
			name = TicTests;
			productName = TicTests;
			productReference = 0AECC86F278DDD67009FB90F /* TicTests.xctest */;
			productType = "com.apple.product-type.bundle.unit-test";
		};
		0AECC878278DDD67009FB90F /* TicUITests */ = {
			isa = PBXNativeTarget;
			buildConfigurationList = 0AECC889278DDD67009FB90F /* Build configuration list for PBXNativeTarget "TicUITests" */;
			buildPhases = (
				0AECC875278DDD67009FB90F /* Sources */,
				0AECC876278DDD67009FB90F /* Frameworks */,
				0AECC877278DDD67009FB90F /* Resources */,
			);
			buildRules = (
			);
			dependencies = (
				0AECC87B278DDD67009FB90F /* PBXTargetDependency */,
			);
			name = TicUITests;
			productName = TicUITests;
			productReference = 0AECC879278DDD67009FB90F /* TicUITests.xctest */;
			productType = "com.apple.product-type.bundle.ui-testing";
		};
/* End PBXNativeTarget section */

/* Begin PBXProject section */
		0AECC857278DDD62009FB90F /* Project object */ = {
			isa = PBXProject;
			attributes = {
				BuildIndependentTargetsInParallel = 1;
				LastSwiftUpdateCheck = 1320;
				LastUpgradeCheck = 1320;
				TargetAttributes = {
					0AECC85E278DDD62009FB90F = {
						CreatedOnToolsVersion = 13.2.1;
					};
					0AECC86E278DDD67009FB90F = {
						CreatedOnToolsVersion = 13.2.1;
						TestTargetID = 0AECC85E278DDD62009FB90F;
					};
					0AECC878278DDD67009FB90F = {
						CreatedOnToolsVersion = 13.2.1;
						TestTargetID = 0AECC85E278DDD62009FB90F;
					};
				};
			};
			buildConfigurationList = 0AECC85A278DDD62009FB90F /* Build configuration list for PBXProject "Tic" */;
			compatibilityVersion = "Xcode 13.0";
			developmentRegion = en;
			hasScannedForEncodings = 0;
			knownRegions = (
				en,
				Base,
			);
			mainGroup = 0AECC856278DDD62009FB90F;
			productRefGroup = 0AECC860278DDD62009FB90F /* Products */;
			projectDirPath = "";
			projectRoot = "";
			targets = (
				0AECC85E278DDD62009FB90F /* Tic */,
				0AECC86E278DDD67009FB90F /* TicTests */,
				0AECC878278DDD67009FB90F /* TicUITests */,
			);
		};
/* End PBXProject section */

/* Begin PBXResourcesBuildPhase section */
		0AECC85D278DDD62009FB90F /* Resources */ = {
			isa = PBXResourcesBuildPhase;
			buildActionMask = 2147483647;
			files = (
				0AECC86A278DDD66009FB90F /* Preview Assets.xcassets in Resources */,
				0AECC867278DDD66009FB90F /* Assets.xcassets in Resources */,
			);
			runOnlyForDeploymentPostprocessing = 0;
		};
		0AECC86D278DDD67009FB90F /* Resources */ = {
			isa = PBXResourcesBuildPhase;
			buildActionMask = 2147483647;
			files = (
			);
			runOnlyForDeploymentPostprocessing = 0;
		};
		0AECC877278DDD67009FB90F /* Resources */ = {
			isa = PBXResourcesBuildPhase;
			buildActionMask = 2147483647;
			files = (
			);
			runOnlyForDeploymentPostprocessing = 0;
		};
/* End PBXResourcesBuildPhase section */

/* Begin PBXSourcesBuildPhase section */
		0AECC85B278DDD62009FB90F /* Sources */ = {
			isa = PBXSourcesBuildPhase;
			buildActionMask = 2147483647;
			files = (
				0AECC893278E1BA9009FB90F /* Model.swift in Sources */,
				0AECC88F278E1640009FB90F /* GameViewModel.swift in Sources */,
				0AECC865278DDD62009FB90F /* GameView.swift in Sources */,
				0AECC88D278DF407009FB90F /* Alerts.swift in Sources */,
				0AECC863278DDD62009FB90F /* TicApp.swift in Sources */,
			);
			runOnlyForDeploymentPostprocessing = 0;
		};
		0AECC86B278DDD67009FB90F /* Sources */ = {
			isa = PBXSourcesBuildPhase;
			buildActionMask = 2147483647;
			files = (
				0AECC874278DDD67009FB90F /* TicTests.swift in Sources */,
			);
			runOnlyForDeploymentPostprocessing = 0;
		};
		0AECC875278DDD67009FB90F /* Sources */ = {
			isa = PBXSourcesBuildPhase;
			buildActionMask = 2147483647;
			files = (
				0AECC87E278DDD67009FB90F /* TicUITests.swift in Sources */,
				0AECC880278DDD67009FB90F /* TicUITestsLaunchTests.swift in Sources */,
			);
			runOnlyForDeploymentPostprocessing = 0;
		};
/* End PBXSourcesBuildPhase section */

/* Begin PBXTargetDependency section */
		0AECC871278DDD67009FB90F /* PBXTargetDependency */ = {
			isa = PBXTargetDependency;
			target = 0AECC85E278DDD62009FB90F /* Tic */;
			targetProxy = 0AECC870278DDD67009FB90F /* PBXContainerItemProxy */;
		};
		0AECC87B278DDD67009FB90F /* PBXTargetDependency */ = {
			isa = PBXTargetDependency;
			target = 0AECC85E278DDD62009FB90F /* Tic */;
			targetProxy = 0AECC87A278DDD67009FB90F /* PBXContainerItemProxy */;
		};
/* End PBXTargetDependency section */

/* Begin XCBuildConfiguration section */
		0AECC881278DDD67009FB90F /* Debug */ = {
			isa = XCBuildConfiguration;
			buildSettings = {
				ALWAYS_SEARCH_USER_PATHS = NO;
				CLANG_ANALYZER_NONNULL = YES;
				CLANG_ANALYZER_NUMBER_OBJECT_CONVERSION = YES_AGGRESSIVE;
				CLANG_CXX_LANGUAGE_STANDARD = "gnu++17";
				CLANG_CXX_LIBRARY = "libc++";
				CLANG_ENABLE_MODULES = YES;
				CLANG_ENABLE_OBJC_ARC = YES;
				CLANG_ENABLE_OBJC_WEAK = YES;
				CLANG_WARN_BLOCK_CAPTURE_AUTORELEASING = YES;
				CLANG_WARN_BOOL_CONVERSION = YES;
				CLANG_WARN_COMMA = YES;
				CLANG_WARN_CONSTANT_CONVERSION = YES;
				CLANG_WARN_DEPRECATED_OBJC_IMPLEMENTATIONS = YES;
				CLANG_WARN_DIRECT_OBJC_ISA_USAGE = YES_ERROR;
				CLANG_WARN_DOCUMENTATION_COMMENTS = YES;
				CLANG_WARN_EMPTY_BODY = YES;
				CLANG_WARN_ENUM_CONVERSION = YES;
				CLANG_WARN_INFINITE_RECURSION = YES;
				CLANG_WARN_INT_CONVERSION = YES;
				CLANG_WARN_NON_LITERAL_NULL_CONVERSION = YES;
				CLANG_WARN_OBJC_IMPLICIT_RETAIN_SELF = YES;
				CLANG_WARN_OBJC_LITERAL_CONVERSION = YES;
				CLANG_WARN_OBJC_ROOT_CLASS = YES_ERROR;
				CLANG_WARN_QUOTED_INCLUDE_IN_FRAMEWORK_HEADER = YES;
				CLANG_WARN_RANGE_LOOP_ANALYSIS = YES;
				CLANG_WARN_STRICT_PROTOTYPES = YES;
				CLANG_WARN_SUSPICIOUS_MOVE = YES;
				CLANG_WARN_UNGUARDED_AVAILABILITY = YES_AGGRESSIVE;
				CLANG_WARN_UNREACHABLE_CODE = YES;
				CLANG_WARN__DUPLICATE_METHOD_MATCH = YES;
				COPY_PHASE_STRIP = NO;
				DEBUG_INFORMATION_FORMAT = dwarf;
				ENABLE_STRICT_OBJC_MSGSEND = YES;
				ENABLE_TESTABILITY = YES;
				GCC_C_LANGUAGE_STANDARD = gnu11;
				GCC_DYNAMIC_NO_PIC = NO;
				GCC_NO_COMMON_BLOCKS = YES;
				GCC_OPTIMIZATION_LEVEL = 0;
				GCC_PREPROCESSOR_DEFINITIONS = (
					"DEBUG=1",
					"$(inherited)",
				);
				GCC_WARN_64_TO_32_BIT_CONVERSION = YES;
				GCC_WARN_ABOUT_RETURN_TYPE = YES_ERROR;
				GCC_WARN_UNDECLARED_SELECTOR = YES;
				GCC_WARN_UNINITIALIZED_AUTOS = YES_AGGRESSIVE;
				GCC_WARN_UNUSED_FUNCTION = YES;
				GCC_WARN_UNUSED_VARIABLE = YES;
				IPHONEOS_DEPLOYMENT_TARGET = 15.2;
				MTL_ENABLE_DEBUG_INFO = INCLUDE_SOURCE;
				MTL_FAST_MATH = YES;
				ONLY_ACTIVE_ARCH = YES;
				SDKROOT = iphoneos;
				SWIFT_ACTIVE_COMPILATION_CONDITIONS = DEBUG;
				SWIFT_OPTIMIZATION_LEVEL = "-Onone";
			};
			name = Debug;
		};
		0AECC882278DDD67009FB90F /* Release */ = {
			isa = XCBuildConfiguration;
			buildSettings = {
				ALWAYS_SEARCH_USER_PATHS = NO;
				CLANG_ANALYZER_NONNULL = YES;
				CLANG_ANALYZER_NUMBER_OBJECT_CONVERSION = YES_AGGRESSIVE;
				CLANG_CXX_LANGUAGE_STANDARD = "gnu++17";
				CLANG_CXX_LIBRARY = "libc++";
				CLANG_ENABLE_MODULES = YES;
				CLANG_ENABLE_OBJC_ARC = YES;
				CLANG_ENABLE_OBJC_WEAK = YES;
				CLANG_WARN_BLOCK_CAPTURE_AUTORELEASING = YES;
				CLANG_WARN_BOOL_CONVERSION = YES;
				CLANG_WARN_COMMA = YES;
				CLANG_WARN_CONSTANT_CONVERSION = YES;
				CLANG_WARN_DEPRECATED_OBJC_IMPLEMENTATIONS = YES;
				CLANG_WARN_DIRECT_OBJC_ISA_USAGE = YES_ERROR;
				CLANG_WARN_DOCUMENTATION_COMMENTS = YES;
				CLANG_WARN_EMPTY_BODY = YES;
				CLANG_WARN_ENUM_CONVERSION = YES;
				CLANG_WARN_INFINITE_RECURSION = YES;
				CLANG_WARN_INT_CONVERSION = YES;
				CLANG_WARN_NON_LITERAL_NULL_CONVERSION = YES;
				CLANG_WARN_OBJC_IMPLICIT_RETAIN_SELF = YES;
				CLANG_WARN_OBJC_LITERAL_CONVERSION = YES;
				CLANG_WARN_OBJC_ROOT_CLASS = YES_ERROR;
				CLANG_WARN_QUOTED_INCLUDE_IN_FRAMEWORK_HEADER = YES;
				CLANG_WARN_RANGE_LOOP_ANALYSIS = YES;
				CLANG_WARN_STRICT_PROTOTYPES = YES;
				CLANG_WARN_SUSPICIOUS_MOVE = YES;
				CLANG_WARN_UNGUARDED_AVAILABILITY = YES_AGGRESSIVE;
				CLANG_WARN_UNREACHABLE_CODE = YES;
				CLANG_WARN__DUPLICATE_METHOD_MATCH = YES;
				COPY_PHASE_STRIP = NO;
				DEBUG_INFORMATION_FORMAT = "dwarf-with-dsym";
				ENABLE_NS_ASSERTIONS = NO;
				ENABLE_STRICT_OBJC_MSGSEND = YES;
				GCC_C_LANGUAGE_STANDARD = gnu11;
				GCC_NO_COMMON_BLOCKS = YES;
				GCC_WARN_64_TO_32_BIT_CONVERSION = YES;
				GCC_WARN_ABOUT_RETURN_TYPE = YES_ERROR;
				GCC_WARN_UNDECLARED_SELECTOR = YES;
				GCC_WARN_UNINITIALIZED_AUTOS = YES_AGGRESSIVE;
				GCC_WARN_UNUSED_FUNCTION = YES;
				GCC_WARN_UNUSED_VARIABLE = YES;
				IPHONEOS_DEPLOYMENT_TARGET = 15.2;
				MTL_ENABLE_DEBUG_INFO = NO;
				MTL_FAST_MATH = YES;
				SDKROOT = iphoneos;
				SWIFT_COMPILATION_MODE = wholemodule;
				SWIFT_OPTIMIZATION_LEVEL = "-O";
				VALIDATE_PRODUCT = YES;
			};
			name = Release;
		};
		0AECC884278DDD67009FB90F /* Debug */ = {
			isa = XCBuildConfiguration;
			buildSettings = {
				ASSETCATALOG_COMPILER_APPICON_NAME = AppIcon;
				ASSETCATALOG_COMPILER_GLOBAL_ACCENT_COLOR_NAME = AccentColor;
				CODE_SIGN_STYLE = Automatic;
				CURRENT_PROJECT_VERSION = 1;
				DEVELOPMENT_ASSET_PATHS = "\"Tic/Preview Content\"";
				DEVELOPMENT_TEAM = HYM6D9RZC8;
				ENABLE_PREVIEWS = YES;
				GENERATE_INFOPLIST_FILE = YES;
				INFOPLIST_KEY_UIApplicationSceneManifest_Generation = YES;
				INFOPLIST_KEY_UIApplicationSupportsIndirectInputEvents = YES;
				INFOPLIST_KEY_UILaunchScreen_Generation = YES;
				INFOPLIST_KEY_UISupportedInterfaceOrientations_iPad = "UIInterfaceOrientationPortrait UIInterfaceOrientationPortraitUpsideDown UIInterfaceOrientationLandscapeLeft UIInterfaceOrientationLandscapeRight";
				INFOPLIST_KEY_UISupportedInterfaceOrientations_iPhone = "UIInterfaceOrientationPortrait UIInterfaceOrientationLandscapeLeft UIInterfaceOrientationLandscapeRight";
				LD_RUNPATH_SEARCH_PATHS = (
					"$(inherited)",
					"@executable_path/Frameworks",
				);
				MARKETING_VERSION = 1.0;
				PRODUCT_BUNDLE_IDENTIFIER = com.Ruiz.Tic;
				PRODUCT_NAME = "$(TARGET_NAME)";
				SWIFT_EMIT_LOC_STRINGS = YES;
				SWIFT_VERSION = 5.0;
				TARGETED_DEVICE_FAMILY = "1,2";
			};
			name = Debug;
		};
		0AECC885278DDD67009FB90F /* Release */ = {
			isa = XCBuildConfiguration;
			buildSettings = {
				ASSETCATALOG_COMPILER_APPICON_NAME = AppIcon;
				ASSETCATALOG_COMPILER_GLOBAL_ACCENT_COLOR_NAME = AccentColor;
				CODE_SIGN_STYLE = Automatic;
				CURRENT_PROJECT_VERSION = 1;
				DEVELOPMENT_ASSET_PATHS = "\"Tic/Preview Content\"";
				DEVELOPMENT_TEAM = HYM6D9RZC8;
				ENABLE_PREVIEWS = YES;
				GENERATE_INFOPLIST_FILE = YES;
				INFOPLIST_KEY_UIApplicationSceneManifest_Generation = YES;
				INFOPLIST_KEY_UIApplicationSupportsIndirectInputEvents = YES;
				INFOPLIST_KEY_UILaunchScreen_Generation = YES;
				INFOPLIST_KEY_UISupportedInterfaceOrientations_iPad = "UIInterfaceOrientationPortrait UIInterfaceOrientationPortraitUpsideDown UIInterfaceOrientationLandscapeLeft UIInterfaceOrientationLandscapeRight";
				INFOPLIST_KEY_UISupportedInterfaceOrientations_iPhone = "UIInterfaceOrientationPortrait UIInterfaceOrientationLandscapeLeft UIInterfaceOrientationLandscapeRight";
				LD_RUNPATH_SEARCH_PATHS = (
					"$(inherited)",
					"@executable_path/Frameworks",
				);
				MARKETING_VERSION = 1.0;
				PRODUCT_BUNDLE_IDENTIFIER = com.Ruiz.Tic;
				PRODUCT_NAME = "$(TARGET_NAME)";
				SWIFT_EMIT_LOC_STRINGS = YES;
				SWIFT_VERSION = 5.0;
				TARGETED_DEVICE_FAMILY = "1,2";
			};
			name = Release;
		};
		0AECC887278DDD67009FB90F /* Debug */ = {
			isa = XCBuildConfiguration;
			buildSettings = {
				ALWAYS_EMBED_SWIFT_STANDARD_LIBRARIES = YES;
				BUNDLE_LOADER = "$(TEST_HOST)";
				CODE_SIGN_STYLE = Automatic;
				CURRENT_PROJECT_VERSION = 1;
				DEVELOPMENT_TEAM = HYM6D9RZC8;
				GENERATE_INFOPLIST_FILE = YES;
				IPHONEOS_DEPLOYMENT_TARGET = 15.2;
				MARKETING_VERSION = 1.0;
				PRODUCT_BUNDLE_IDENTIFIER = com.Ruiz.TicTests;
				PRODUCT_NAME = "$(TARGET_NAME)";
				SWIFT_EMIT_LOC_STRINGS = NO;
				SWIFT_VERSION = 5.0;
				TARGETED_DEVICE_FAMILY = "1,2";
				TEST_HOST = "$(BUILT_PRODUCTS_DIR)/Tic.app/Tic";
			};
			name = Debug;
		};
		0AECC888278DDD67009FB90F /* Release */ = {
			isa = XCBuildConfiguration;
			buildSettings = {
				ALWAYS_EMBED_SWIFT_STANDARD_LIBRARIES = YES;
				BUNDLE_LOADER = "$(TEST_HOST)";
				CODE_SIGN_STYLE = Automatic;
				CURRENT_PROJECT_VERSION = 1;
				DEVELOPMENT_TEAM = HYM6D9RZC8;
				GENERATE_INFOPLIST_FILE = YES;
				IPHONEOS_DEPLOYMENT_TARGET = 15.2;
				MARKETING_VERSION = 1.0;
				PRODUCT_BUNDLE_IDENTIFIER = com.Ruiz.TicTests;
				PRODUCT_NAME = "$(TARGET_NAME)";
				SWIFT_EMIT_LOC_STRINGS = NO;
				SWIFT_VERSION = 5.0;
				TARGETED_DEVICE_FAMILY = "1,2";
				TEST_HOST = "$(BUILT_PRODUCTS_DIR)/Tic.app/Tic";
			};
			name = Release;
		};
		0AECC88A278DDD67009FB90F /* Debug */ = {
			isa = XCBuildConfiguration;
			buildSettings = {
				ALWAYS_EMBED_SWIFT_STANDARD_LIBRARIES = YES;
				CODE_SIGN_STYLE = Automatic;
				CURRENT_PROJECT_VERSION = 1;
				DEVELOPMENT_TEAM = HYM6D9RZC8;
				GENERATE_INFOPLIST_FILE = YES;
				MARKETING_VERSION = 1.0;
				PRODUCT_BUNDLE_IDENTIFIER = com.Ruiz.TicUITests;
				PRODUCT_NAME = "$(TARGET_NAME)";
				SWIFT_EMIT_LOC_STRINGS = NO;
				SWIFT_VERSION = 5.0;
				TARGETED_DEVICE_FAMILY = "1,2";
				TEST_TARGET_NAME = Tic;
			};
			name = Debug;
		};
		0AECC88B278DDD67009FB90F /* Release */ = {
			isa = XCBuildConfiguration;
			buildSettings = {
				ALWAYS_EMBED_SWIFT_STANDARD_LIBRARIES = YES;
				CODE_SIGN_STYLE = Automatic;
				CURRENT_PROJECT_VERSION = 1;
				DEVELOPMENT_TEAM = HYM6D9RZC8;
				GENERATE_INFOPLIST_FILE = YES;
				MARKETING_VERSION = 1.0;
				PRODUCT_BUNDLE_IDENTIFIER = com.Ruiz.TicUITests;
				PRODUCT_NAME = "$(TARGET_NAME)";
				SWIFT_EMIT_LOC_STRINGS = NO;
				SWIFT_VERSION = 5.0;
				TARGETED_DEVICE_FAMILY = "1,2";
				TEST_TARGET_NAME = Tic;
			};
			name = Release;
		};
/* End XCBuildConfiguration section */

/* Begin XCConfigurationList section */
		0AECC85A278DDD62009FB90F /* Build configuration list for PBXProject "Tic" */ = {
			isa = XCConfigurationList;
			buildConfigurations = (
				0AECC881278DDD67009FB90F /* Debug */,
				0AECC882278DDD67009FB90F /* Release */,
			);
			defaultConfigurationIsVisible = 0;
			defaultConfigurationName = Release;
		};
		0AECC883278DDD67009FB90F /* Build configuration list for PBXNativeTarget "Tic" */ = {
			isa = XCConfigurationList;
			buildConfigurations = (
				0AECC884278DDD67009FB90F /* Debug */,
				0AECC885278DDD67009FB90F /* Release */,
			);
			defaultConfigurationIsVisible = 0;
			defaultConfigurationName = Release;
		};
		0AECC886278DDD67009FB90F /* Build configuration list for PBXNativeTarget "TicTests" */ = {
			isa = XCConfigurationList;
			buildConfigurations = (
				0AECC887278DDD67009FB90F /* Debug */,
				0AECC888278DDD67009FB90F /* Release */,
			);
			defaultConfigurationIsVisible = 0;
			defaultConfigurationName = Release;
		};
		0AECC889278DDD67009FB90F /* Build configuration list for PBXNativeTarget "TicUITests" */ = {
			isa = XCConfigurationList;
			buildConfigurations = (
				0AECC88A278DDD67009FB90F /* Debug */,
				0AECC88B278DDD67009FB90F /* Release */,
			);
			defaultConfigurationIsVisible = 0;
			defaultConfigurationName = Release;
		};
/* End XCConfigurationList section */
	};
	rootObject = 0AECC857278DDD62009FB90F /* Project object */;
}
